
Microsoft Visual Studio Solution File, Format Version 11.00
# Visual Studio 2010
Project("{FAE04EC0-301F-11D3-BF4B-00C04F79EFBC}") = "Logic", "Logic\Logic.csproj", "{984C0D45-E806-4F13-8583-0982AE11FAD3}"
EndProject
Project("{FAE04EC0-301F-11D3-BF4B-00C04F79EFBC}") = "Parser", "Parser\Parser.csproj", "{6CF5DB0C-9191-4E2F-A9D7-9E759A9DA839}"
EndProject
Global
	GlobalSection(SolutionConfigurationPlatforms) = preSolution
		Debug|Any CPU = Debug|Any CPU
		Debug|Mixed Platforms = Debug|Mixed Platforms
		Debug|x86 = Debug|x86
		Release|Any CPU = Release|Any CPU
		Release|Mixed Platforms = Release|Mixed Platforms
		Release|x86 = Release|x86
	EndGlobalSection
	GlobalSection(ProjectConfigurationPlatforms) = postSolution
		{984C0D45-E806-4F13-8583-0982AE11FAD3}.Debug|Any CPU.ActiveCfg = Debug|x86
		{984C0D45-E806-4F13-8583-0982AE11FAD3}.Debug|Mixed Platforms.ActiveCfg = Debug|x86
		{984C0D45-E806-4F13-8583-0982AE11FAD3}.Debug|Mixed Platforms.Build.0 = Debug|x86
		{984C0D45-E806-4F13-8583-0982AE11FAD3}.Debug|x86.ActiveCfg = Debug|x86
		{984C0D45-E806-4F13-8583-0982AE11FAD3}.Debug|x86.Build.0 = Debug|x86
		{984C0D45-E806-4F13-8583-0982AE11FAD3}.Release|Any CPU.ActiveCfg = Release|x86
		{984C0D45-E806-4F13-8583-0982AE11FAD3}.Release|Mixed Platforms.ActiveCfg = Release|x86
		{984C0D45-E806-4F13-8583-0982AE11FAD3}.Release|Mixed Platforms.Build.0 = Release|x86
		{984C0D45-E806-4F13-8583-0982AE11FAD3}.Release|x86.ActiveCfg = Release|x86
		{984C0D45-E806-4F13-8583-0982AE11FAD3}.Release|x86.Build.0 = Release|x86
		{6CF5DB0C-9191-4E2F-A9D7-9E759A9DA839}.Debug|Any CPU.ActiveCfg = Debug|Any CPU
		{6CF5DB0C-9191-4E2F-A9D7-9E759A9DA839}.Debug|Any CPU.Build.0 = Debug|Any CPU
		{6CF5DB0C-9191-4E2F-A9D7-9E759A9DA839}.Debug|Mixed Platforms.ActiveCfg = Debug|Any CPU
		{6CF5DB0C-9191-4E2F-A9D7-9E759A9DA839}.Debug|Mixed Platforms.Build.0 = Debug|Any CPU
		{6CF5DB0C-9191-4E2F-A9D7-9E759A9DA839}.Debug|x86.ActiveCfg = Debug|Any CPU
		{6CF5DB0C-9191-4E2F-A9D7-9E759A9DA839}.Release|Any CPU.ActiveCfg = Release|Any CPU
		{6CF5DB0C-9191-4E2F-A9D7-9E759A9DA839}.Release|Any CPU.Build.0 = Release|Any CPU
		{6CF5DB0C-9191-4E2F-A9D7-9E759A9DA839}.Release|Mixed Platforms.ActiveCfg = Release|Any CPU
		{6CF5DB0C-9191-4E2F-A9D7-9E759A9DA839}.Release|Mixed Platforms.Build.0 = Release|Any CPU
		{6CF5DB0C-9191-4E2F-A9D7-9E759A9DA839}.Release|x86.ActiveCfg = Release|Any CPU
	EndGlobalSection
	GlobalSection(SolutionProperties) = preSolution
		HideSolutionNode = FALSE
	EndGlobalSection
EndGlobal
